# This is a Gradle generated file for dependency locking.
# Manual edits can break the build and are not advised.
# This file is expected to be part of source control.
com.google.code.gson:gson:2.11.0=compileClasspath,embedded
com.google.errorprone:error_prone_annotations:2.27.0=compileClasspath,embedded
net.java.dev.jna:jna-platform:5.19.1=compileClasspath,eclipseRuntime
net.java.dev.jna:jna:5.19.1=compileClasspath,eclipseRuntime
org.apache.ant:ant-launcher:1.10.15=antRuntime
org.apache.ant:ant-launcher:1.10.17=compileClasspath,eclipseRuntime
org.apache.ant:ant:1.10.15=antRuntime
org.apache.ant:ant:1.10.17=compileClasspath,eclipseRuntime
org.apache.felix:org.apache.felix.scr:2.2.14=compileClasspath,eclipseRuntime
org.codehaus.mojo:animal-sniffer-annotations:1.9=compileClasspath,eclipseRuntime
org.eclipse.jdt:ecj:3.46.100=compileClasspath,eclipseRuntime
org.eclipse.jdt:org.eclipse.jdt.apt.core:3.8.800=compileClasspath,eclipseRuntime
org.eclipse.jdt:org.eclipse.jdt.apt.pluggable.core:1.4.700=compileClasspath,eclipseRuntime
org.eclipse.jdt:org.eclipse.jdt.core:3.47.0=compileClasspath,eclipseRuntime
org.eclipse.platform:org.eclipse.core.commands:3.13.0=compileClasspath,eclipseRuntime
org.eclipse.platform:org.eclipse.core.contenttype:3.9.900=compileClasspath,eclipseRuntime
org.eclipse.platform:org.eclipse.core.expressions:3.9.700=compileClasspath,eclipseRuntime
org.eclipse.platform:org.eclipse.core.filesystem:1.11.500=compileClasspath,eclipseRuntime
org.eclipse.platform:org.eclipse.core.jobs:3.15.900=compileClasspath,eclipseRuntime
org.eclipse.platform:org.eclipse.core.resources:3.24.100=compileClasspath,eclipseRuntime
org.eclipse.platform:org.eclipse.core.runtime:3.35.0=compileClasspath,eclipseRuntime
org.eclipse.platform:org.eclipse.equinox.app:1.7.600=compileClasspath,eclipseRuntime
org.eclipse.platform:org.eclipse.equinox.common:3.21.0=compileClasspath,eclipseRuntime
org.eclipse.platform:org.eclipse.equinox.launcher:1.6.600=compileClasspath,eclipseRuntime
org.eclipse.platform:org.eclipse.equinox.preferences:3.12.100=compileClasspath,eclipseRuntime
org.eclipse.platform:org.eclipse.equinox.registry:3.12.600=compileClasspath,eclipseRuntime
org.eclipse.platform:org.eclipse.osgi:3.24.300=compileClasspath,eclipseRuntime
org.eclipse.platform:org.eclipse.text:3.14.800=compileClasspath,eclipseRuntime
org.gradle:gradle-tooling-api:8.6=compileClasspath,embedded
org.osgi:org.osgi.namespace.extender:1.0.1=compileClasspath,eclipseRuntime
org.osgi:org.osgi.service.component:1.5.1=compileClasspath,eclipseRuntime
org.osgi:org.osgi.service.prefs:1.1.2=compileClasspath,eclipseRuntime
org.osgi:org.osgi.util.function:1.2.0=compileClasspath,eclipseRuntime
org.osgi:org.osgi.util.promise:1.3.0=compileClasspath,eclipseRuntime
org.osgi:osgi.annotation:8.1.0=compileClasspath,eclipseRuntime
org.slf4j:slf4j-api:1.7.36=compileClasspath,embedded
org.slf4j:slf4j-simple:1.7.36=compileClasspath,embedded
empty=annotationProcessor
